
Microsoft Visual Studio Solution File, Format Version 12.00
# Visual Studio Version 17
VisualStudioVersion = 17.0.32014.148
MinimumVisualStudioVersion = 10.0.40219.1
Project("{FAE04EC0-301F-11D3-BF4B-00C04F79EFBC}") = "AddressBookSystem", "AddressBookSystem\AddressBookSystem.csproj", "{48A0C89E-3751-4917-8942-5165E1D25184}"
EndProject
Global
	GlobalSection(SolutionConfigurationPlatforms) = preSolution
		Debug|Any CPU = Debug|Any CPU
		Release|Any CPU = Release|Any CPU
	EndGlobalSection
	GlobalSection(ProjectConfigurationPlatforms) = postSolution
		{48A0C89E-3751-4917-8942-5165E1D25184}.Debug|Any CPU.ActiveCfg = Debug|Any CPU
		{48A0C89E-3751-4917-8942-5165E1D25184}.Debug|Any CPU.Build.0 = Debug|Any CPU
		{48A0C89E-3751-4917-8942-5165E1D25184}.Release|Any CPU.ActiveCfg = Release|Any CPU
		{48A0C89E-3751-4917-8942-5165E1D25184}.Release|Any CPU.Build.0 = Release|Any CPU
	EndGlobalSection
	GlobalSection(SolutionProperties) = preSolution
		HideSolutionNode = FALSE
	EndGlobalSection
	GlobalSection(ExtensibilityGlobals) = postSolution
		SolutionGuid = {3FF05053-5C6A-4B2F-9A06-1597CBFC9555}
	EndGlobalSection
EndGlobal
